
Microsoft Visual Studio Solution File, Format Version 12.00
# Visual Studio Version 17
VisualStudioVersion = 17.11.35327.3
MinimumVisualStudioVersion = 10.0.40219.1
Project("{FAE04EC0-301F-11D3-BF4B-00C04F79EFBC}") = "AraujoVillegasDiana1", "AraujoVillegasDiana1\AraujoVillegasDiana1.csproj", "{8023B207-BFA2-4853-A430-E19F90E5D10A}"
EndProject
Global
	GlobalSection(SolutionConfigurationPlatforms) = preSolution
		Debug|Any CPU = Debug|Any CPU
		Release|Any CPU = Release|Any CPU
	EndGlobalSection
	GlobalSection(ProjectConfigurationPlatforms) = postSolution
		{8023B207-BFA2-4853-A430-E19F90E5D10A}.Debug|Any CPU.ActiveCfg = Debug|Any CPU
		{8023B207-BFA2-4853-A430-E19F90E5D10A}.Debug|Any CPU.Build.0 = Debug|Any CPU
		{8023B207-BFA2-4853-A430-E19F90E5D10A}.Release|Any CPU.ActiveCfg = Release|Any CPU
		{8023B207-BFA2-4853-A430-E19F90E5D10A}.Release|Any CPU.Build.0 = Release|Any CPU
	EndGlobalSection
	GlobalSection(SolutionProperties) = preSolution
		HideSolutionNode = FALSE
	EndGlobalSection
	GlobalSection(ExtensibilityGlobals) = postSolution
		SolutionGuid = {95DAC479-8B60-4F62-A8CA-E88C7980035A}
	EndGlobalSection
EndGlobal
